{
  "name": "yammy",
  "lockfileVersion": 3,
  "requires": true,
  "packages": {
    "": {
      "devDependencies": {
        "@twa-dev/types": "^8.0.2"
      }
    },
    "node_modules/@twa-dev/types": {
      "version": "8.0.2",
      "resolved": "https://registry.npmjs.org/@twa-dev/types/-/types-8.0.2.tgz",
      "integrity": "sha512-ICQ6n4NaUPPzV3/GzflVQS6Nnu5QX2vr9OlOG8ZkFf3rSJXzRKazrLAbZlVhCPPWkIW3MMuELPsE6tByrA49qA==",
      "dev": true,
      "license": "MIT"
    }
  }
}
